
Microsoft Visual Studio Solution File, Format Version 12.00
# Visual Studio 15
VisualStudioVersion = 15.0.26430.16
MinimumVisualStudioVersion = 10.0.40219.1
Project("{FAE04EC0-301F-11D3-BF4B-00C04F79EFBC}") = "AutoProxy.Api", "src\AutoProxy.Api\AutoProxy.Api.csproj", "{EA91CFF1-05D8-49F5-921C-DBF1C08C324F}"
EndProject
Project("{2150E333-8FDC-42A3-9474-1A3956D46DE8}") = "src", "src", "{51E4FC1D-1F8A-4D06-8F7E-FF63D0DDD1AB}"
EndProject
Project("{FAE04EC0-301F-11D3-BF4B-00C04F79EFBC}") = "AutoProxy.AspNetCore", "src\AutoProxy.AspNetCore\AutoProxy.AspNetCore.csproj", "{A9287AE0-6B0E-48B9-A1D6-8E50A01A938E}"
EndProject
Global
	GlobalSection(SolutionConfigurationPlatforms) = preSolution
		Debug|Any CPU = Debug|Any CPU
		Release|Any CPU = Release|Any CPU
	EndGlobalSection
	GlobalSection(ProjectConfigurationPlatforms) = postSolution
		{EA91CFF1-05D8-49F5-921C-DBF1C08C324F}.Debug|Any CPU.ActiveCfg = Debug|Any CPU
		{EA91CFF1-05D8-49F5-921C-DBF1C08C324F}.Debug|Any CPU.Build.0 = Debug|Any CPU
		{EA91CFF1-05D8-49F5-921C-DBF1C08C324F}.Release|Any CPU.ActiveCfg = Release|Any CPU
		{EA91CFF1-05D8-49F5-921C-DBF1C08C324F}.Release|Any CPU.Build.0 = Release|Any CPU
		{A9287AE0-6B0E-48B9-A1D6-8E50A01A938E}.Debug|Any CPU.ActiveCfg = Debug|Any CPU
		{A9287AE0-6B0E-48B9-A1D6-8E50A01A938E}.Debug|Any CPU.Build.0 = Debug|Any CPU
		{A9287AE0-6B0E-48B9-A1D6-8E50A01A938E}.Release|Any CPU.ActiveCfg = Release|Any CPU
		{A9287AE0-6B0E-48B9-A1D6-8E50A01A938E}.Release|Any CPU.Build.0 = Release|Any CPU
	EndGlobalSection
	GlobalSection(SolutionProperties) = preSolution
		HideSolutionNode = FALSE
	EndGlobalSection
	GlobalSection(NestedProjects) = preSolution
		{EA91CFF1-05D8-49F5-921C-DBF1C08C324F} = {51E4FC1D-1F8A-4D06-8F7E-FF63D0DDD1AB}
		{A9287AE0-6B0E-48B9-A1D6-8E50A01A938E} = {51E4FC1D-1F8A-4D06-8F7E-FF63D0DDD1AB}
	EndGlobalSection
EndGlobal
